Microsoft Visual Studio Solution File, Format Version 11.00
# Visual Studio 2008

Project("{D17FBBF0-F279-D6E8-02A7-8310C6FA66F8}") = "MP4_Unity", "Assembly-CSharp.csproj", "{FF155758-4F44-6B51-D6A4-DA4ED564A889}"
EndProject
Global
	GlobalSection(SolutionConfigurationPlatforms) = preSolution
		Debug|Any CPU = Debug|Any CPU
		Release|Any CPU = Release|Any CPU
	EndGlobalSection
	GlobalSection(ProjectConfigurationPlatforms) = postSolution
		{FF155758-4F44-6B51-D6A4-DA4ED564A889}.Debug|Any CPU.ActiveCfg = Debug|Any CPU
		{FF155758-4F44-6B51-D6A4-DA4ED564A889}.Debug|Any CPU.Build.0 = Debug|Any CPU
		{FF155758-4F44-6B51-D6A4-DA4ED564A889}.Release|Any CPU.ActiveCfg = Release|Any CPU
		{FF155758-4F44-6B51-D6A4-DA4ED564A889}.Release|Any CPU.Build.0 = Release|Any CPU
	EndGlobalSection
	GlobalSection(SolutionProperties) = preSolution
		HideSolutionNode = FALSE
	EndGlobalSection
	GlobalSection(MonoDevelopProperties) = preSolution
		StartupItem = Assembly-CSharp.csproj
	EndGlobalSection
EndGlobal
